
Microsoft Visual Studio Solution File, Format Version 12.00
Project("{FAE04EC0-301F-11D3-BF4B-00C04F79EFBC}") = "csharp-weather-api", "csharp-weather-api.csproj", "{2EC59DB0-AC02-4456-8271-F0C7AB2DFFDB}"
EndProject
Global
	GlobalSection(SolutionConfigurationPlatforms) = preSolution
		Debug|Any CPU = Debug|Any CPU
		Release|Any CPU = Release|Any CPU
	EndGlobalSection
	GlobalSection(ProjectConfigurationPlatforms) = postSolution
		{2EC59DB0-AC02-4456-8271-F0C7AB2DFFDB}.Debug|Any CPU.ActiveCfg = Debug|Any CPU
		{2EC59DB0-AC02-4456-8271-F0C7AB2DFFDB}.Debug|Any CPU.Build.0 = Debug|Any CPU
		{2EC59DB0-AC02-4456-8271-F0C7AB2DFFDB}.Release|Any CPU.ActiveCfg = Release|Any CPU
		{2EC59DB0-AC02-4456-8271-F0C7AB2DFFDB}.Release|Any CPU.Build.0 = Release|Any CPU
	EndGlobalSection
EndGlobal
